# This file is autogenerated, do not edit; changes may be undone by the next 'dep ensure'.


[[projects]]
  digest = "1:bb89a2542933056fcebc2950bb15ec636e623cc43c96597288aa2009f15b0ce1"
  name = "github.com/eclipse/paho.mqtt.golang"
  packages = [
    ".",
    "packets",
  ]
  pruneopts = "UT"
  revision = "adca289fdcf8c883800aafa545bc263452290bae"
  version = "v1.2.0"

[[projects]]
  digest = "1:f74e36b9c7f0fcf4d73483a71d873672ebc8a309c57c273af7e11f6f4e32654e"
  name = "github.com/openfaas-incubator/connector-sdk"
  packages = ["types"]
  pruneopts = "UT"
  revision = "193b73292e32864286853efeccbc5190b5d3c84d"
  version = "0.5.3"

[[projects]]
  digest = "1:5ef12e7154e453638378dfc853ca53d2d775aee2d7a6da535df639d5933b39c7"
  name = "github.com/openfaas/faas-provider"
  packages = [
    "auth",
    "types",
  ]
  pruneopts = "UT"
  revision = "7677057e416ba796df41f9f366956a491c5684ff"
  version = "0.13.2"

[[projects]]
  digest = "1:cf31692c14422fa27c83a05292eb5cbe0fb2775972e8f1f8446a71549bd8980b"
  name = "github.com/pkg/errors"
  packages = ["."]
  pruneopts = "UT"
  revision = "ba968bfe8b2f7e042a574c888954fccecfa385b4"
  version = "v0.8.1"

[[projects]]
  branch = "master"
  digest = "1:323d0eeaa3893e9f9cf6c11b11e3c5ce949b32d672b037e663b0e98de6f2d004"
  name = "golang.org/x/net"
  packages = [
    "internal/socks",
    "proxy",
    "websocket",
  ]
  pruneopts = "UT"
  revision = "ef20fe5d793301b553005db740f730d87993f778"

[solve-meta]
  analyzer-name = "dep"
  analyzer-version = 1
  input-imports = [
    "github.com/eclipse/paho.mqtt.golang",
    "github.com/openfaas-incubator/connector-sdk/types",
    "github.com/openfaas/faas-provider/auth",
  ]
  solver-name = "gps-cdcl"
  solver-version = 1
